// !$*UTF8*$!
{
	archiveVersion = 1;
	classes = {
	};
	objectVersion = 46;
	objects = {

/* Begin PBXBuildFile section */
		5817F5E41F1D3D2800458991 /* AppDelegate.swift in Sources */ = {isa = PBXBuildFile; fileRef = 5817F5E31F1D3D2800458991 /* AppDelegate.swift */; };
		5817F5E61F1D3D2800458991 /* ItemsViewController.swift in Sources */ = {isa = PBXBuildFile; fileRef = 5817F5E51F1D3D2800458991 /* ItemsViewController.swift */; };
		5817F5E91F1D3D2800458991 /* Main.storyboard in Resources */ = {isa = PBXBuildFile; fileRef = 5817F5E71F1D3D2800458991 /* Main.storyboard */; };
		5817F5EC1F1D3D2800458991 /* RemindMe.xcdatamodeld in Sources */ = {isa = PBXBuildFile; fileRef = 5817F5EA1F1D3D2800458991 /* RemindMe.xcdatamodeld */; };
		5817F5EE1F1D3D2800458991 /* Assets.xcassets in Resources */ = {isa = PBXBuildFile; fileRef = 5817F5ED1F1D3D2800458991 /* Assets.xcassets */; };
		5817F5F11F1D3D2800458991 /* LaunchScreen.storyboard in Resources */ = {isa = PBXBuildFile; fileRef = 5817F5EF1F1D3D2800458991 /* LaunchScreen.storyboard */; };
		582054411F2142920057FAD2 /* ItemViewController.swift in Sources */ = {isa = PBXBuildFile; fileRef = 582054401F2142920057FAD2 /* ItemViewController.swift */; };
		582054431F227D170057FAD2 /* CoreDataStack.swift in Sources */ = {isa = PBXBuildFile; fileRef = 582054421F227D170057FAD2 /* CoreDataStack.swift */; };
		583C106B1F211231008BE7D3 /* ItemManager.swift in Sources */ = {isa = PBXBuildFile; fileRef = 583C106A1F211231008BE7D3 /* ItemManager.swift */; };
		583C106D1F2116BD008BE7D3 /* AlertManager.swift in Sources */ = {isa = PBXBuildFile; fileRef = 583C106C1F2116BD008BE7D3 /* AlertManager.swift */; };
		587E9CEB1F1E959900603849 /* CoreDataHelper.swift in Sources */ = {isa = PBXBuildFile; fileRef = 587E9CEA1F1E959900603849 /* CoreDataHelper.swift */; };
/* End PBXBuildFile section */

/* Begin PBXFileReference section */
		5817F5E01F1D3D2800458991 /* RemindMe.app */ = {isa = PBXFileReference; explicitFileType = wrapper.application; includeInIndex = 0; path = RemindMe.app; sourceTree = BUILT_PRODUCTS_DIR; };
		5817F5E31F1D3D2800458991 /* AppDelegate.swift */ = {isa = PBXFileReference; lastKnownFileType = sourcecode.swift; path = AppDelegate.swift; sourceTree = "<group>"; };
		5817F5E51F1D3D2800458991 /* ItemsViewController.swift */ = {isa = PBXFileReference; lastKnownFileType = sourcecode.swift; path = ItemsViewController.swift; sourceTree = "<group>"; };
		5817F5E81F1D3D2800458991 /* Base */ = {isa = PBXFileReference; lastKnownFileType = file.storyboard; name = Base; path = Base.lproj/Main.storyboard; sourceTree = "<group>"; };
		5817F5EB1F1D3D2800458991 /* RemindMe.xcdatamodel */ = {isa = PBXFileReference; lastKnownFileType = wrapper.xcdatamodel; path = RemindMe.xcdatamodel; sourceTree = "<group>"; };
		5817F5ED1F1D3D2800458991 /* Assets.xcassets */ = {isa = PBXFileReference; lastKnownFileType = folder.assetcatalog; path = Assets.xcassets; sourceTree = "<group>"; };
		5817F5F01F1D3D2800458991 /* Base */ = {isa = PBXFileReference; lastKnownFileType = file.storyboard; name = Base; path = Base.lproj/LaunchScreen.storyboard; sourceTree = "<group>"; };
		5817F5F21F1D3D2800458991 /* Info.plist */ = {isa = PBXFileReference; lastKnownFileType = text.plist.xml; path = Info.plist; sourceTree = "<group>"; };
		582054401F2142920057FAD2 /* ItemViewController.swift */ = {isa = PBXFileReference; fileEncoding = 4; lastKnownFileType = sourcecode.swift; path = ItemViewController.swift; sourceTree = "<group>"; };
		582054421F227D170057FAD2 /* CoreDataStack.swift */ = {isa = PBXFileReference; fileEncoding = 4; lastKnownFileType = sourcecode.swift; name = CoreDataStack.swift; path = ../../../Downloads/CoreDataStack.swift; sourceTree = "<group>"; };
		583C106A1F211231008BE7D3 /* ItemManager.swift */ = {isa = PBXFileReference; fileEncoding = 4; lastKnownFileType = sourcecode.swift; path = ItemManager.swift; sourceTree = "<group>"; };
		583C106C1F2116BD008BE7D3 /* AlertManager.swift */ = {isa = PBXFileReference; fileEncoding = 4; lastKnownFileType = sourcecode.swift; path = AlertManager.swift; sourceTree = "<group>"; };
		587E9CEA1F1E959900603849 /* CoreDataHelper.swift */ = {isa = PBXFileReference; fileEncoding = 4; lastKnownFileType = sourcecode.swift; path = CoreDataHelper.swift; sourceTree = "<group>"; };
/* End PBXFileReference section */

/* Begin PBXFrameworksBuildPhase section */
		5817F5DD1F1D3D2800458991 /* Frameworks */ = {
			isa = PBXFrameworksBuildPhase;
			buildActionMask = 2147483647;
			files = (
			);
			runOnlyForDeploymentPostprocessing = 0;
		};
/* End PBXFrameworksBuildPhase section */

/* Begin PBXGroup section */
		5817F5D71F1D3D2800458991 = {
			isa = PBXGroup;
			children = (
				5817F5E21F1D3D2800458991 /* RemindMe */,
				5817F5E11F1D3D2800458991 /* Products */,
			);
			sourceTree = "<group>";
		};
		5817F5E11F1D3D2800458991 /* Products */ = {
			isa = PBXGroup;
			children = (
				5817F5E01F1D3D2800458991 /* RemindMe.app */,
			);
			name = Products;
			sourceTree = "<group>";
		};
		5817F5E21F1D3D2800458991 /* RemindMe */ = {
			isa = PBXGroup;
			children = (
				5817F5F81F1E881000458991 /* Model  */,
				58401C261F1ED738009947A7 /* View */,
				587E9CEC1F1E95D600603849 /* Controller */,
				5817F5E71F1D3D2800458991 /* Main.storyboard */,
				5817F5E31F1D3D2800458991 /* AppDelegate.swift */,
				5817F5ED1F1D3D2800458991 /* Assets.xcassets */,
				5817F5EF1F1D3D2800458991 /* LaunchScreen.storyboard */,
				5817F5F21F1D3D2800458991 /* Info.plist */,
				5817F5EA1F1D3D2800458991 /* RemindMe.xcdatamodeld */,
			);
			path = RemindMe;
			sourceTree = "<group>";
		};
		5817F5F81F1E881000458991 /* Model  */ = {
			isa = PBXGroup;
			children = (
				582054421F227D170057FAD2 /* CoreDataStack.swift */,
				587E9CEA1F1E959900603849 /* CoreDataHelper.swift */,
				583C106A1F211231008BE7D3 /* ItemManager.swift */,
				583C106C1F2116BD008BE7D3 /* AlertManager.swift */,
			);
			name = "Model ";
			sourceTree = "<group>";
		};
		58401C261F1ED738009947A7 /* View */ = {
			isa = PBXGroup;
			children = (
			);
			name = View;
			sourceTree = "<group>";
		};
		587E9CEC1F1E95D600603849 /* Controller */ = {
			isa = PBXGroup;
			children = (
				5817F5E51F1D3D2800458991 /* ItemsViewController.swift */,
				582054401F2142920057FAD2 /* ItemViewController.swift */,
			);
			name = Controller;
			sourceTree = "<group>";
		};
/* End PBXGroup section */

/* Begin PBXNativeTarget section */
		5817F5DF1F1D3D2800458991 /* RemindMe */ = {
			isa = PBXNativeTarget;
			buildConfigurationList = 5817F5F51F1D3D2800458991 /* Build configuration list for PBXNativeTarget "RemindMe" */;
			buildPhases = (
				5817F5DC1F1D3D2800458991 /* Sources */,
				5817F5DD1F1D3D2800458991 /* Frameworks */,
				5817F5DE1F1D3D2800458991 /* Resources */,
			);
			buildRules = (
			);
			dependencies = (
			);
			name = RemindMe;
			productName = RemindMe;
			productReference = 5817F5E01F1D3D2800458991 /* RemindMe.app */;
			productType = "com.apple.product-type.application";
		};
/* End PBXNativeTarget section */

/* Begin PBXProject section */
		5817F5D81F1D3D2800458991 /* Project object */ = {
			isa = PBXProject;
			attributes = {
				LastSwiftUpdateCheck = 0830;
				LastUpgradeCheck = 0830;
				ORGANIZATIONNAME = "Uchenna Aguocha";
				TargetAttributes = {
					5817F5DF1F1D3D2800458991 = {
						CreatedOnToolsVersion = 8.3.3;
						DevelopmentTeam = 854F25WCHE;
						ProvisioningStyle = Automatic;
					};
				};
			};
			buildConfigurationList = 5817F5DB1F1D3D2800458991 /* Build configuration list for PBXProject "RemindMe" */;
			compatibilityVersion = "Xcode 3.2";
			developmentRegion = English;
			hasScannedForEncodings = 0;
			knownRegions = (
				en,
				Base,
			);
			mainGroup = 5817F5D71F1D3D2800458991;
			productRefGroup = 5817F5E11F1D3D2800458991 /* Products */;
			projectDirPath = "";
			projectRoot = "";
			targets = (
				5817F5DF1F1D3D2800458991 /* RemindMe */,
			);
		};
/* End PBXProject section */

/* Begin PBXResourcesBuildPhase section */
		5817F5DE1F1D3D2800458991 /* Resources */ = {
			isa = PBXResourcesBuildPhase;
			buildActionMask = 2147483647;
			files = (
				5817F5F11F1D3D2800458991 /* LaunchScreen.storyboard in Resources */,
				5817F5EE1F1D3D2800458991 /* Assets.xcassets in Resources */,
				5817F5E91F1D3D2800458991 /* Main.storyboard in Resources */,
			);
			runOnlyForDeploymentPostprocessing = 0;
		};
/* End PBXResourcesBuildPhase section */

/* Begin PBXSourcesBuildPhase section */
		5817F5DC1F1D3D2800458991 /* Sources */ = {
			isa = PBXSourcesBuildPhase;
			buildActionMask = 2147483647;
			files = (
				582054411F2142920057FAD2 /* ItemViewController.swift in Sources */,
				5817F5E61F1D3D2800458991 /* ItemsViewController.swift in Sources */,
				5817F5E41F1D3D2800458991 /* AppDelegate.swift in Sources */,
				5817F5EC1F1D3D2800458991 /* RemindMe.xcdatamodeld in Sources */,
				583C106B1F211231008BE7D3 /* ItemManager.swift in Sources */,
				583C106D1F2116BD008BE7D3 /* AlertManager.swift in Sources */,
				587E9CEB1F1E959900603849 /* CoreDataHelper.swift in Sources */,
				582054431F227D170057FAD2 /* CoreDataStack.swift in Sources */,
			);
			runOnlyForDeploymentPostprocessing = 0;
		};
/* End PBXSourcesBuildPhase section */

/* Begin PBXVariantGroup section */
		5817F5E71F1D3D2800458991 /* Main.storyboard */ = {
			isa = PBXVariantGroup;
			children = (
				5817F5E81F1D3D2800458991 /* Base */,
			);
			name = Main.storyboard;
			sourceTree = "<group>";
		};
		5817F5EF1F1D3D2800458991 /* LaunchScreen.storyboard */ = {
			isa = PBXVariantGroup;
			children = (
				5817F5F01F1D3D2800458991 /* Base */,
			);
			name = LaunchScreen.storyboard;
			sourceTree = "<group>";
		};
/* End PBXVariantGroup section */

/* Begin XCBuildConfiguration section */
		5817F5F31F1D3D2800458991 /* Debug */ = {
			isa = XCBuildConfiguration;
			buildSettings = {
				ALWAYS_SEARCH_USER_PATHS = NO;
				CLANG_ANALYZER_NONNULL = YES;
				CLANG_ANALYZER_NUMBER_OBJECT_CONVERSION = YES_AGGRESSIVE;
				CLANG_CXX_LANGUAGE_STANDARD = "gnu++0x";
				CLANG_CXX_LIBRARY = "libc++";
				CLANG_ENABLE_MODULES = YES;
				CLANG_ENABLE_OBJC_ARC = YES;
				CLANG_WARN_BOOL_CONVERSION = YES;
				CLANG_WARN_CONSTANT_CONVERSION = YES;
				CLANG_WARN_DIRECT_OBJC_ISA_USAGE = YES_ERROR;
				CLANG_WARN_DOCUMENTATION_COMMENTS = YES;
				CLANG_WARN_EMPTY_BODY = YES;
				CLANG_WARN_ENUM_CONVERSION = YES;
				CLANG_WARN_INFINITE_RECURSION = YES;
				CLANG_WARN_INT_CONVERSION = YES;
				CLANG_WARN_OBJC_ROOT_CLASS = YES_ERROR;
				CLANG_WARN_SUSPICIOUS_MOVE = YES;
				CLANG_WARN_UNREACHABLE_CODE = YES;
				CLANG_WARN__DUPLICATE_METHOD_MATCH = YES;
				"CODE_SIGN_IDENTITY[sdk=iphoneos*]" = "iPhone Developer";
				COPY_PHASE_STRIP = NO;
				DEBUG_INFORMATION_FORMAT = dwarf;
				ENABLE_STRICT_OBJC_MSGSEND = YES;
				ENABLE_TESTABILITY = YES;
				GCC_C_LANGUAGE_STANDARD = gnu99;
				GCC_DYNAMIC_NO_PIC = NO;
				GCC_NO_COMMON_BLOCKS = YES;
				GCC_OPTIMIZATION_LEVEL = 0;
				GCC_PREPROCESSOR_DEFINITIONS = (
					"DEBUG=1",
					"$(inherited)",
				);
				GCC_WARN_64_TO_32_BIT_CONVERSION = YES;
				GCC_WARN_ABOUT_RETURN_TYPE = YES_ERROR;
				GCC_WARN_UNDECLARED_SELECTOR = YES;
				GCC_WARN_UNINITIALIZED_AUTOS = YES_AGGRESSIVE;
				GCC_WARN_UNUSED_FUNCTION = YES;
				GCC_WARN_UNUSED_VARIABLE = YES;
				IPHONEOS_DEPLOYMENT_TARGET = 10.3;
				MTL_ENABLE_DEBUG_INFO = YES;
				ONLY_ACTIVE_ARCH = YES;
				SDKROOT = iphoneos;
				SWIFT_ACTIVE_COMPILATION_CONDITIONS = DEBUG;
				SWIFT_OPTIMIZATION_LEVEL = "-Onone";
				TARGETED_DEVICE_FAMILY = "1,2";
			};
			name = Debug;
		};
		5817F5F41F1D3D2800458991 /* Release */ = {
			isa = XCBuildConfiguration;
			buildSettings = {
				ALWAYS_SEARCH_USER_PATHS = NO;
				CLANG_ANALYZER_NONNULL = YES;
				CLANG_ANALYZER_NUMBER_OBJECT_CONVERSION = YES_AGGRESSIVE;
				CLANG_CXX_LANGUAGE_STANDARD = "gnu++0x";
				CLANG_CXX_LIBRARY = "libc++";
				CLANG_ENABLE_MODULES = YES;
				CLANG_ENABLE_OBJC_ARC = YES;
				CLANG_WARN_BOOL_CONVERSION = YES;
				CLANG_WARN_CONSTANT_CONVERSION = YES;
				CLANG_WARN_DIRECT_OBJC_ISA_USAGE = YES_ERROR;
				CLANG_WARN_DOCUMENTATION_COMMENTS = YES;
				CLANG_WARN_EMPTY_BODY = YES;
				CLANG_WARN_ENUM_CONVERSION = YES;
				CLANG_WARN_INFINITE_RECURSION = YES;
				CLANG_WARN_INT_CONVERSION = YES;
				CLANG_WARN_OBJC_ROOT_CLASS = YES_ERROR;
				CLANG_WARN_SUSPICIOUS_MOVE = YES;
				CLANG_WARN_UNREACHABLE_CODE = YES;
				CLANG_WARN__DUPLICATE_METHOD_MATCH = YES;
				"CODE_SIGN_IDENTITY[sdk=iphoneos*]" = "iPhone Developer";
				COPY_PHASE_STRIP = NO;
				DEBUG_INFORMATION_FORMAT = "dwarf-with-dsym";
				ENABLE_NS_ASSERTIONS = NO;
				ENABLE_STRICT_OBJC_MSGSEND = YES;
				GCC_C_LANGUAGE_STANDARD = gnu99;
				GCC_NO_COMMON_BLOCKS = YES;
				GCC_WARN_64_TO_32_BIT_CONVERSION = YES;
				GCC_WARN_ABOUT_RETURN_TYPE = YES_ERROR;
				GCC_WARN_UNDECLARED_SELECTOR = YES;
				GCC_WARN_UNINITIALIZED_AUTOS = YES_AGGRESSIVE;
				GCC_WARN_UNUSED_FUNCTION = YES;
				GCC_WARN_UNUSED_VARIABLE = YES;
				IPHONEOS_DEPLOYMENT_TARGET = 10.3;
				MTL_ENABLE_DEBUG_INFO = NO;
				SDKROOT = iphoneos;
				SWIFT_OPTIMIZATION_LEVEL = "-Owholemodule";
				TARGETED_DEVICE_FAMILY = "1,2";
				VALIDATE_PRODUCT = YES;
			};
			name = Release;
		};
		5817F5F61F1D3D2800458991 /* Debug */ = {
			isa = XCBuildConfiguration;
			buildSettings = {
				ASSETCATALOG_COMPILER_APPICON_NAME = AppIcon;
				DEVELOPMENT_TEAM = 854F25WCHE;
				INFOPLIST_FILE = RemindMe/Info.plist;
				LD_RUNPATH_SEARCH_PATHS = "$(inherited) @executable_path/Frameworks";
				PRODUCT_BUNDLE_IDENTIFIER = com.coolKid.RemindMe;
				PRODUCT_NAME = "$(TARGET_NAME)";
				SWIFT_VERSION = 3.0;
			};
			name = Debug;
		};
		5817F5F71F1D3D2800458991 /* Release */ = {
			isa = XCBuildConfiguration;
			buildSettings = {
				ASSETCATALOG_COMPILER_APPICON_NAME = AppIcon;
				DEVELOPMENT_TEAM = 854F25WCHE;
				INFOPLIST_FILE = RemindMe/Info.plist;
				LD_RUNPATH_SEARCH_PATHS = "$(inherited) @executable_path/Frameworks";
				PRODUCT_BUNDLE_IDENTIFIER = com.coolKid.RemindMe;
				PRODUCT_NAME = "$(TARGET_NAME)";
				SWIFT_VERSION = 3.0;
			};
			name = Release;
		};
/* End XCBuildConfiguration section */

/* Begin XCConfigurationList section */
		5817F5DB1F1D3D2800458991 /* Build configuration list for PBXProject "RemindMe" */ = {
			isa = XCConfigurationList;
			buildConfigurations = (
				5817F5F31F1D3D2800458991 /* Debug */,
				5817F5F41F1D3D2800458991 /* Release */,
			);
			defaultConfigurationIsVisible = 0;
			defaultConfigurationName = Release;
		};
		5817F5F51F1D3D2800458991 /* Build configuration list for PBXNativeTarget "RemindMe" */ = {
			isa = XCConfigurationList;
			buildConfigurations = (
				5817F5F61F1D3D2800458991 /* Debug */,
				5817F5F71F1D3D2800458991 /* Release */,
			);
			defaultConfigurationIsVisible = 0;
			defaultConfigurationName = Release;
		};
/* End XCConfigurationList section */

/* Begin XCVersionGroup section */
		5817F5EA1F1D3D2800458991 /* RemindMe.xcdatamodeld */ = {
			isa = XCVersionGroup;
			children = (
				5817F5EB1F1D3D2800458991 /* RemindMe.xcdatamodel */,
			);
			currentVersion = 5817F5EB1F1D3D2800458991 /* RemindMe.xcdatamodel */;
			path = RemindMe.xcdatamodeld;
			sourceTree = "<group>";
			versionGroupType = wrapper.xcdatamodel;
		};
/* End XCVersionGroup section */
	};
	rootObject = 5817F5D81F1D3D2800458991 /* Project object */;
}
